
Microsoft Visual Studio Solution File, Format Version 12.00
# Visual Studio Version 17
VisualStudioVersion = 17.11.35219.272
MinimumVisualStudioVersion = 10.0.40219.1
Project("{9A19103F-16F7-4668-BE54-9A1E7A4F7556}") = "01_HelloWorld", "01_HelloWorld\01_HelloWorld.csproj", "{C747D0F6-4ED7-45C8-AA0E-49765730099B}"
EndProject
Project("{9A19103F-16F7-4668-BE54-9A1E7A4F7556}") = "02_ZakladySyntaxe", "02_ZakladySyntaxe\02_ZakladySyntaxe.csproj", "{104E132E-229F-4BCB-9C20-66E0E9359A88}"
EndProject
Project("{9A19103F-16F7-4668-BE54-9A1E7A4F7556}") = "03_OOP", "03_OOP\03_OOP.csproj", "{D894387F-E60D-4788-845A-256A5D194C84}"
EndProject
Project("{9A19103F-16F7-4668-BE54-9A1E7A4F7556}") = "04_Monogame", "04_Monogame\04_Monogame.csproj", "{FFB6D26A-CA10-49CB-8913-693EB2142A52}"
EndProject
Project("{9A19103F-16F7-4668-BE54-9A1E7A4F7556}") = "05_WPF", "05_WPF\05_WPF.csproj", "{E7A2E916-5415-4769-8C13-FECE00332093}"
EndProject
Project("{FAE04EC0-301F-11D3-BF4B-00C04F79EFBC}") = "06_ASPNET", "06_ASPNET\06_ASPNET.csproj", "{B06F3CCE-2898-4E7E-8625-6197D541A56D}"
EndProject
Global
	GlobalSection(SolutionConfigurationPlatforms) = preSolution
		Debug|Any CPU = Debug|Any CPU
		Release|Any CPU = Release|Any CPU
	EndGlobalSection
	GlobalSection(ProjectConfigurationPlatforms) = postSolution
		{C747D0F6-4ED7-45C8-AA0E-49765730099B}.Debug|Any CPU.ActiveCfg = Debug|Any CPU
		{C747D0F6-4ED7-45C8-AA0E-49765730099B}.Debug|Any CPU.Build.0 = Debug|Any CPU
		{C747D0F6-4ED7-45C8-AA0E-49765730099B}.Release|Any CPU.ActiveCfg = Release|Any CPU
		{C747D0F6-4ED7-45C8-AA0E-49765730099B}.Release|Any CPU.Build.0 = Release|Any CPU
		{104E132E-229F-4BCB-9C20-66E0E9359A88}.Debug|Any CPU.ActiveCfg = Debug|Any CPU
		{104E132E-229F-4BCB-9C20-66E0E9359A88}.Debug|Any CPU.Build.0 = Debug|Any CPU
		{104E132E-229F-4BCB-9C20-66E0E9359A88}.Release|Any CPU.ActiveCfg = Release|Any CPU
		{104E132E-229F-4BCB-9C20-66E0E9359A88}.Release|Any CPU.Build.0 = Release|Any CPU
		{D894387F-E60D-4788-845A-256A5D194C84}.Debug|Any CPU.ActiveCfg = Debug|Any CPU
		{D894387F-E60D-4788-845A-256A5D194C84}.Debug|Any CPU.Build.0 = Debug|Any CPU
		{D894387F-E60D-4788-845A-256A5D194C84}.Release|Any CPU.ActiveCfg = Release|Any CPU
		{D894387F-E60D-4788-845A-256A5D194C84}.Release|Any CPU.Build.0 = Release|Any CPU
		{FFB6D26A-CA10-49CB-8913-693EB2142A52}.Debug|Any CPU.ActiveCfg = Debug|Any CPU
		{FFB6D26A-CA10-49CB-8913-693EB2142A52}.Debug|Any CPU.Build.0 = Debug|Any CPU
		{FFB6D26A-CA10-49CB-8913-693EB2142A52}.Release|Any CPU.ActiveCfg = Release|Any CPU
		{FFB6D26A-CA10-49CB-8913-693EB2142A52}.Release|Any CPU.Build.0 = Release|Any CPU
		{E7A2E916-5415-4769-8C13-FECE00332093}.Debug|Any CPU.ActiveCfg = Debug|Any CPU
		{E7A2E916-5415-4769-8C13-FECE00332093}.Debug|Any CPU.Build.0 = Debug|Any CPU
		{E7A2E916-5415-4769-8C13-FECE00332093}.Release|Any CPU.ActiveCfg = Release|Any CPU
		{E7A2E916-5415-4769-8C13-FECE00332093}.Release|Any CPU.Build.0 = Release|Any CPU
		{B06F3CCE-2898-4E7E-8625-6197D541A56D}.Debug|Any CPU.ActiveCfg = Debug|Any CPU
		{B06F3CCE-2898-4E7E-8625-6197D541A56D}.Debug|Any CPU.Build.0 = Debug|Any CPU
		{B06F3CCE-2898-4E7E-8625-6197D541A56D}.Release|Any CPU.ActiveCfg = Release|Any CPU
		{B06F3CCE-2898-4E7E-8625-6197D541A56D}.Release|Any CPU.Build.0 = Release|Any CPU
	EndGlobalSection
	GlobalSection(SolutionProperties) = preSolution
		HideSolutionNode = FALSE
	EndGlobalSection
	GlobalSection(ExtensibilityGlobals) = postSolution
		SolutionGuid = {BD058096-0E3C-4B93-BCB7-64C55944A66D}
	EndGlobalSection
EndGlobal
